
Microsoft Visual Studio Solution File, Format Version 12.00
# Visual Studio Version 17
VisualStudioVersion = 17.1.32210.238
MinimumVisualStudioVersion = 10.0.40219.1
Project("{9A19103F-16F7-4668-BE54-9A1E7A4F7556}") = "ArangoDBNet", "arangodb-net\ArangoDBNet.csproj", "{A46089A1-FF27-4C00-AAF4-134ACF6E8FB2}"
EndProject
Project("{9A19103F-16F7-4668-BE54-9A1E7A4F7556}") = "ArangoDBNetTest", "arangodb-net.Test\ArangoDBNetTest.csproj", "{70184444-F45A-4357-84BE-1AA5F6E8344E}"
EndProject
Project("{9A19103F-16F7-4668-BE54-9A1E7A4F7556}") = "ArangoDB.VelocyPack", "..\velocypacknet\src\ArangoDB.VelocyPack\ArangoDB.VelocyPack.csproj", "{C7BA088C-EBEF-472B-9FEE-B63F5369D8BF}"
EndProject
Project("{9A19103F-16F7-4668-BE54-9A1E7A4F7556}") = "Arango.VelocyPack.Net", "..\Arango.VelocyPack.Net\Arango.VelocyPack.Net\Arango.VelocyPack.Net.csproj", "{CA343F5D-2A4B-4428-82C4-F78055988D2B}"
EndProject
Global
	GlobalSection(SolutionConfigurationPlatforms) = preSolution
		Debug|Any CPU = Debug|Any CPU
		Release|Any CPU = Release|Any CPU
	EndGlobalSection
	GlobalSection(ProjectConfigurationPlatforms) = postSolution
		{A46089A1-FF27-4C00-AAF4-134ACF6E8FB2}.Debug|Any CPU.ActiveCfg = Debug|Any CPU
		{A46089A1-FF27-4C00-AAF4-134ACF6E8FB2}.Debug|Any CPU.Build.0 = Debug|Any CPU
		{A46089A1-FF27-4C00-AAF4-134ACF6E8FB2}.Release|Any CPU.ActiveCfg = Release|Any CPU
		{A46089A1-FF27-4C00-AAF4-134ACF6E8FB2}.Release|Any CPU.Build.0 = Release|Any CPU
		{70184444-F45A-4357-84BE-1AA5F6E8344E}.Debug|Any CPU.ActiveCfg = Debug|Any CPU
		{70184444-F45A-4357-84BE-1AA5F6E8344E}.Debug|Any CPU.Build.0 = Debug|Any CPU
		{70184444-F45A-4357-84BE-1AA5F6E8344E}.Release|Any CPU.ActiveCfg = Release|Any CPU
		{70184444-F45A-4357-84BE-1AA5F6E8344E}.Release|Any CPU.Build.0 = Release|Any CPU
		{C7BA088C-EBEF-472B-9FEE-B63F5369D8BF}.Debug|Any CPU.ActiveCfg = Debug|Any CPU
		{C7BA088C-EBEF-472B-9FEE-B63F5369D8BF}.Debug|Any CPU.Build.0 = Debug|Any CPU
		{C7BA088C-EBEF-472B-9FEE-B63F5369D8BF}.Release|Any CPU.ActiveCfg = Release|Any CPU
		{C7BA088C-EBEF-472B-9FEE-B63F5369D8BF}.Release|Any CPU.Build.0 = Release|Any CPU
		{CA343F5D-2A4B-4428-82C4-F78055988D2B}.Debug|Any CPU.ActiveCfg = Debug|Any CPU
		{CA343F5D-2A4B-4428-82C4-F78055988D2B}.Debug|Any CPU.Build.0 = Debug|Any CPU
		{CA343F5D-2A4B-4428-82C4-F78055988D2B}.Release|Any CPU.ActiveCfg = Release|Any CPU
		{CA343F5D-2A4B-4428-82C4-F78055988D2B}.Release|Any CPU.Build.0 = Release|Any CPU
	EndGlobalSection
	GlobalSection(SolutionProperties) = preSolution
		HideSolutionNode = FALSE
	EndGlobalSection
	GlobalSection(ExtensibilityGlobals) = postSolution
		SolutionGuid = {372F4FE3-7226-4A25-920F-43E06A2DE205}
	EndGlobalSection
EndGlobal
